{
	"name": "http.server",
	"version": "1.0.21",
	"lockfileVersion": 1,
	"requires": true,
	"dependencies": {
		"clone.util": {
			"version": "git+https://git@github.com/anzerr/clone.util.git#6b3f65e279fea1da1055fcd0d4f2fc1e80238b92",
			"from": "git+https://git@github.com/anzerr/clone.util.git",
			"requires": {
				"type.util": "git+https://git@github.com/anzerr/type.util.git"
			}
		},
		"mime.util": {
			"version": "git+https://git@github.com/anzerr/mime.util.git#1443d8955bd6572b2b0fd018061fc76e18021492",
			"from": "git+https://git@github.com/anzerr/mime.util.git"
		},
		"type.util": {
			"version": "git+https://git@github.com/anzerr/type.util.git#3a38e81dd05b028469f2c570dfc67090b951ef2c",
			"from": "git+https://git@github.com/anzerr/type.util.git"
		}
	}
}
